
Microsoft Visual Studio Solution File, Format Version 12.00
# Visual Studio Version 17
VisualStudioVersion = 17.4.33122.133
MinimumVisualStudioVersion = 10.0.40219.1
Project("{FAE04EC0-301F-11D3-BF4B-00C04F79EFBC}") = "clase01", "clase01\clase01.csproj", "{957E2D3E-3918-4658-ABED-DB88159D83F6}"
EndProject
Global
	GlobalSection(SolutionConfigurationPlatforms) = preSolution
		Debug|Any CPU = Debug|Any CPU
		Release|Any CPU = Release|Any CPU
	EndGlobalSection
	GlobalSection(ProjectConfigurationPlatforms) = postSolution
		{957E2D3E-3918-4658-ABED-DB88159D83F6}.Debug|Any CPU.ActiveCfg = Debug|Any CPU
		{957E2D3E-3918-4658-ABED-DB88159D83F6}.Debug|Any CPU.Build.0 = Debug|Any CPU
		{957E2D3E-3918-4658-ABED-DB88159D83F6}.Release|Any CPU.ActiveCfg = Release|Any CPU
		{957E2D3E-3918-4658-ABED-DB88159D83F6}.Release|Any CPU.Build.0 = Release|Any CPU
	EndGlobalSection
	GlobalSection(SolutionProperties) = preSolution
		HideSolutionNode = FALSE
	EndGlobalSection
	GlobalSection(ExtensibilityGlobals) = postSolution
		SolutionGuid = {58346B9F-4FF1-4D84-84BE-521CF2CE3C86}
	EndGlobalSection
EndGlobal
